
Microsoft Visual Studio Solution File, Format Version 12.00
# Visual Studio 15
VisualStudioVersion = 15.0.26430.4
MinimumVisualStudioVersion = 10.0.40219.1
Project("{FAE04EC0-301F-11D3-BF4B-00C04F79EFBC}") = "MVP.App.UWP", "MVP.App.UWP\MVP.App.UWP.csproj", "{9ECFF6A8-99AF-4BB4-AED5-91A8EBFEA914}"
EndProject
Project("{FAE04EC0-301F-11D3-BF4B-00C04F79EFBC}") = "MVP.App.Droid", "MVP.App.Droid\MVP.App.Droid.csproj", "{3E1E90E6-6C6E-4023-B512-2EA67520C477}"
EndProject
Project("{FAE04EC0-301F-11D3-BF4B-00C04F79EFBC}") = "MVP.App.iOS", "MVP.App.iOS\MVP.App.iOS.csproj", "{94A64D51-E5EC-4264-9D59-195475729751}"
EndProject
Project("{FAE04EC0-301F-11D3-BF4B-00C04F79EFBC}") = "MVP.App.Common", "MVP.App.Common\MVP.App.Common.csproj", "{80552336-B512-4902-B870-5375088B285D}"
EndProject
Project("{FAE04EC0-301F-11D3-BF4B-00C04F79EFBC}") = "MVP.App.UWP.Cortana", "MVP.App.UWP.Cortana\MVP.App.UWP.Cortana.csproj", "{F18904A1-42A9-44B5-AF9F-24B5114C76AE}"
EndProject
Project("{FAE04EC0-301F-11D3-BF4B-00C04F79EFBC}") = "MVP.App.UWP.Common", "MVP.App.UWP.Common\MVP.App.UWP.Common.csproj", "{37B4E936-DD93-48F5-9ABC-441E2C8E6408}"
EndProject
Project("{FAE04EC0-301F-11D3-BF4B-00C04F79EFBC}") = "MVP.App.Bot", "MVP.App.Bot\MVP.App.Bot.csproj", "{61BC5329-5D8B-4EB4-ABCB-09D31B87BE69}"
EndProject
Global
	GlobalSection(SolutionConfigurationPlatforms) = preSolution
		Ad-Hoc|Any CPU = Ad-Hoc|Any CPU
		Ad-Hoc|ARM = Ad-Hoc|ARM
		Ad-Hoc|iPhone = Ad-Hoc|iPhone
		Ad-Hoc|iPhoneSimulator = Ad-Hoc|iPhoneSimulator
		Ad-Hoc|x64 = Ad-Hoc|x64
		Ad-Hoc|x86 = Ad-Hoc|x86
		AppStore|Any CPU = AppStore|Any CPU
		AppStore|ARM = AppStore|ARM
		AppStore|iPhone = AppStore|iPhone
		AppStore|iPhoneSimulator = AppStore|iPhoneSimulator
		AppStore|x64 = AppStore|x64
		AppStore|x86 = AppStore|x86
		Debug|Any CPU = Debug|Any CPU
		Debug|ARM = Debug|ARM
		Debug|iPhone = Debug|iPhone
		Debug|iPhoneSimulator = Debug|iPhoneSimulator
		Debug|x64 = Debug|x64
		Debug|x86 = Debug|x86
		Release|Any CPU = Release|Any CPU
		Release|ARM = Release|ARM
		Release|iPhone = Release|iPhone
		Release|iPhoneSimulator = Release|iPhoneSimulator
		Release|x64 = Release|x64
		Release|x86 = Release|x86
	EndGlobalSection
	GlobalSection(ProjectConfigurationPlatforms) = postSolution
		{9ECFF6A8-99AF-4BB4-AED5-91A8EBFEA914}.Ad-Hoc|Any CPU.ActiveCfg = Release|x64
		{9ECFF6A8-99AF-4BB4-AED5-91A8EBFEA914}.Ad-Hoc|Any CPU.Build.0 = Release|x64
		{9ECFF6A8-99AF-4BB4-AED5-91A8EBFEA914}.Ad-Hoc|Any CPU.Deploy.0 = Release|x64
		{9ECFF6A8-99AF-4BB4-AED5-91A8EBFEA914}.Ad-Hoc|ARM.ActiveCfg = Release|ARM
		{9ECFF6A8-99AF-4BB4-AED5-91A8EBFEA914}.Ad-Hoc|ARM.Build.0 = Release|ARM
		{9ECFF6A8-99AF-4BB4-AED5-91A8EBFEA914}.Ad-Hoc|ARM.Deploy.0 = Release|ARM
		{9ECFF6A8-99AF-4BB4-AED5-91A8EBFEA914}.Ad-Hoc|iPhone.ActiveCfg = Release|x64
		{9ECFF6A8-99AF-4BB4-AED5-91A8EBFEA914}.Ad-Hoc|iPhone.Build.0 = Release|x64
		{9ECFF6A8-99AF-4BB4-AED5-91A8EBFEA914}.Ad-Hoc|iPhone.Deploy.0 = Release|x64
		{9ECFF6A8-99AF-4BB4-AED5-91A8EBFEA914}.Ad-Hoc|iPhoneSimulator.ActiveCfg = Release|x64
		{9ECFF6A8-99AF-4BB4-AED5-91A8EBFEA914}.Ad-Hoc|iPhoneSimulator.Build.0 = Release|x64
		{9ECFF6A8-99AF-4BB4-AED5-91A8EBFEA914}.Ad-Hoc|iPhoneSimulator.Deploy.0 = Release|x64
		{9ECFF6A8-99AF-4BB4-AED5-91A8EBFEA914}.Ad-Hoc|x64.ActiveCfg = Release|x64
		{9ECFF6A8-99AF-4BB4-AED5-91A8EBFEA914}.Ad-Hoc|x64.Build.0 = Release|x64
		{9ECFF6A8-99AF-4BB4-AED5-91A8EBFEA914}.Ad-Hoc|x64.Deploy.0 = Release|x64
		{9ECFF6A8-99AF-4BB4-AED5-91A8EBFEA914}.Ad-Hoc|x86.ActiveCfg = Release|x86
		{9ECFF6A8-99AF-4BB4-AED5-91A8EBFEA914}.Ad-Hoc|x86.Build.0 = Release|x86
		{9ECFF6A8-99AF-4BB4-AED5-91A8EBFEA914}.Ad-Hoc|x86.Deploy.0 = Release|x86
		{9ECFF6A8-99AF-4BB4-AED5-91A8EBFEA914}.AppStore|Any CPU.ActiveCfg = Release|x64
		{9ECFF6A8-99AF-4BB4-AED5-91A8EBFEA914}.AppStore|Any CPU.Build.0 = Release|x64
		{9ECFF6A8-99AF-4BB4-AED5-91A8EBFEA914}.AppStore|Any CPU.Deploy.0 = Release|x64
		{9ECFF6A8-99AF-4BB4-AED5-91A8EBFEA914}.AppStore|ARM.ActiveCfg = Release|ARM
		{9ECFF6A8-99AF-4BB4-AED5-91A8EBFEA914}.AppStore|ARM.Build.0 = Release|ARM
		{9ECFF6A8-99AF-4BB4-AED5-91A8EBFEA914}.AppStore|ARM.Deploy.0 = Release|ARM
		{9ECFF6A8-99AF-4BB4-AED5-91A8EBFEA914}.AppStore|iPhone.ActiveCfg = Release|x64
		{9ECFF6A8-99AF-4BB4-AED5-91A8EBFEA914}.AppStore|iPhone.Build.0 = Release|x64
		{9ECFF6A8-99AF-4BB4-AED5-91A8EBFEA914}.AppStore|iPhone.Deploy.0 = Release|x64
		{9ECFF6A8-99AF-4BB4-AED5-91A8EBFEA914}.AppStore|iPhoneSimulator.ActiveCfg = Release|x64
		{9ECFF6A8-99AF-4BB4-AED5-91A8EBFEA914}.AppStore|iPhoneSimulator.Build.0 = Release|x64
		{9ECFF6A8-99AF-4BB4-AED5-91A8EBFEA914}.AppStore|iPhoneSimulator.Deploy.0 = Release|x64
		{9ECFF6A8-99AF-4BB4-AED5-91A8EBFEA914}.AppStore|x64.ActiveCfg = Release|x64
		{9ECFF6A8-99AF-4BB4-AED5-91A8EBFEA914}.AppStore|x64.Build.0 = Release|x64
		{9ECFF6A8-99AF-4BB4-AED5-91A8EBFEA914}.AppStore|x64.Deploy.0 = Release|x64
		{9ECFF6A8-99AF-4BB4-AED5-91A8EBFEA914}.AppStore|x86.ActiveCfg = Release|x86
		{9ECFF6A8-99AF-4BB4-AED5-91A8EBFEA914}.AppStore|x86.Build.0 = Release|x86
		{9ECFF6A8-99AF-4BB4-AED5-91A8EBFEA914}.AppStore|x86.Deploy.0 = Release|x86
		{9ECFF6A8-99AF-4BB4-AED5-91A8EBFEA914}.Debug|Any CPU.ActiveCfg = Debug|x86
		{9ECFF6A8-99AF-4BB4-AED5-91A8EBFEA914}.Debug|Any CPU.Build.0 = Debug|x86
		{9ECFF6A8-99AF-4BB4-AED5-91A8EBFEA914}.Debug|Any CPU.Deploy.0 = Debug|x86
		{9ECFF6A8-99AF-4BB4-AED5-91A8EBFEA914}.Debug|ARM.ActiveCfg = Debug|ARM
		{9ECFF6A8-99AF-4BB4-AED5-91A8EBFEA914}.Debug|ARM.Build.0 = Debug|ARM
		{9ECFF6A8-99AF-4BB4-AED5-91A8EBFEA914}.Debug|ARM.Deploy.0 = Debug|ARM
		{9ECFF6A8-99AF-4BB4-AED5-91A8EBFEA914}.Debug|iPhone.ActiveCfg = Debug|x86
		{9ECFF6A8-99AF-4BB4-AED5-91A8EBFEA914}.Debug|iPhone.Build.0 = Debug|x86
		{9ECFF6A8-99AF-4BB4-AED5-91A8EBFEA914}.Debug|iPhoneSimulator.ActiveCfg = Debug|x86
		{9ECFF6A8-99AF-4BB4-AED5-91A8EBFEA914}.Debug|iPhoneSimulator.Build.0 = Debug|x86
		{9ECFF6A8-99AF-4BB4-AED5-91A8EBFEA914}.Debug|x64.ActiveCfg = Debug|x64
		{9ECFF6A8-99AF-4BB4-AED5-91A8EBFEA914}.Debug|x64.Build.0 = Debug|x64
		{9ECFF6A8-99AF-4BB4-AED5-91A8EBFEA914}.Debug|x64.Deploy.0 = Debug|x64
		{9ECFF6A8-99AF-4BB4-AED5-91A8EBFEA914}.Debug|x86.ActiveCfg = Debug|x86
		{9ECFF6A8-99AF-4BB4-AED5-91A8EBFEA914}.Debug|x86.Build.0 = Debug|x86
		{9ECFF6A8-99AF-4BB4-AED5-91A8EBFEA914}.Debug|x86.Deploy.0 = Debug|x86
		{9ECFF6A8-99AF-4BB4-AED5-91A8EBFEA914}.Release|Any CPU.ActiveCfg = Release|x86
		{9ECFF6A8-99AF-4BB4-AED5-91A8EBFEA914}.Release|ARM.ActiveCfg = Release|ARM
		{9ECFF6A8-99AF-4BB4-AED5-91A8EBFEA914}.Release|ARM.Build.0 = Release|ARM
		{9ECFF6A8-99AF-4BB4-AED5-91A8EBFEA914}.Release|ARM.Deploy.0 = Release|ARM
		{9ECFF6A8-99AF-4BB4-AED5-91A8EBFEA914}.Release|iPhone.ActiveCfg = Release|x86
		{9ECFF6A8-99AF-4BB4-AED5-91A8EBFEA914}.Release|iPhoneSimulator.ActiveCfg = Release|x86
		{9ECFF6A8-99AF-4BB4-AED5-91A8EBFEA914}.Release|x64.ActiveCfg = Release|x64
		{9ECFF6A8-99AF-4BB4-AED5-91A8EBFEA914}.Release|x64.Build.0 = Release|x64
		{9ECFF6A8-99AF-4BB4-AED5-91A8EBFEA914}.Release|x64.Deploy.0 = Release|x64
		{9ECFF6A8-99AF-4BB4-AED5-91A8EBFEA914}.Release|x86.ActiveCfg = Release|x86
		{9ECFF6A8-99AF-4BB4-AED5-91A8EBFEA914}.Release|x86.Build.0 = Release|x86
		{9ECFF6A8-99AF-4BB4-AED5-91A8EBFEA914}.Release|x86.Deploy.0 = Release|x86
		{3E1E90E6-6C6E-4023-B512-2EA67520C477}.Ad-Hoc|Any CPU.ActiveCfg = Release|Any CPU
		{3E1E90E6-6C6E-4023-B512-2EA67520C477}.Ad-Hoc|Any CPU.Build.0 = Release|Any CPU
		{3E1E90E6-6C6E-4023-B512-2EA67520C477}.Ad-Hoc|Any CPU.Deploy.0 = Release|Any CPU
		{3E1E90E6-6C6E-4023-B512-2EA67520C477}.Ad-Hoc|ARM.ActiveCfg = Release|Any CPU
		{3E1E90E6-6C6E-4023-B512-2EA67520C477}.Ad-Hoc|ARM.Build.0 = Release|Any CPU
		{3E1E90E6-6C6E-4023-B512-2EA67520C477}.Ad-Hoc|ARM.Deploy.0 = Release|Any CPU
		{3E1E90E6-6C6E-4023-B512-2EA67520C477}.Ad-Hoc|iPhone.ActiveCfg = Release|Any CPU
		{3E1E90E6-6C6E-4023-B512-2EA67520C477}.Ad-Hoc|iPhone.Build.0 = Release|Any CPU
		{3E1E90E6-6C6E-4023-B512-2EA67520C477}.Ad-Hoc|iPhone.Deploy.0 = Release|Any CPU
		{3E1E90E6-6C6E-4023-B512-2EA67520C477}.Ad-Hoc|iPhoneSimulator.ActiveCfg = Release|Any CPU
		{3E1E90E6-6C6E-4023-B512-2EA67520C477}.Ad-Hoc|iPhoneSimulator.Build.0 = Release|Any CPU
		{3E1E90E6-6C6E-4023-B512-2EA67520C477}.Ad-Hoc|iPhoneSimulator.Deploy.0 = Release|Any CPU
		{3E1E90E6-6C6E-4023-B512-2EA67520C477}.Ad-Hoc|x64.ActiveCfg = Release|Any CPU
		{3E1E90E6-6C6E-4023-B512-2EA67520C477}.Ad-Hoc|x64.Build.0 = Release|Any CPU
		{3E1E90E6-6C6E-4023-B512-2EA67520C477}.Ad-Hoc|x64.Deploy.0 = Release|Any CPU
		{3E1E90E6-6C6E-4023-B512-2EA67520C477}.Ad-Hoc|x86.ActiveCfg = Release|Any CPU
		{3E1E90E6-6C6E-4023-B512-2EA67520C477}.Ad-Hoc|x86.Build.0 = Release|Any CPU
		{3E1E90E6-6C6E-4023-B512-2EA67520C477}.Ad-Hoc|x86.Deploy.0 = Release|Any CPU
		{3E1E90E6-6C6E-4023-B512-2EA67520C477}.AppStore|Any CPU.ActiveCfg = Release|Any CPU
		{3E1E90E6-6C6E-4023-B512-2EA67520C477}.AppStore|Any CPU.Build.0 = Release|Any CPU
		{3E1E90E6-6C6E-4023-B512-2EA67520C477}.AppStore|Any CPU.Deploy.0 = Release|Any CPU
		{3E1E90E6-6C6E-4023-B512-2EA67520C477}.AppStore|ARM.ActiveCfg = Release|Any CPU
		{3E1E90E6-6C6E-4023-B512-2EA67520C477}.AppStore|ARM.Build.0 = Release|Any CPU
		{3E1E90E6-6C6E-4023-B512-2EA67520C477}.AppStore|ARM.Deploy.0 = Release|Any CPU
		{3E1E90E6-6C6E-4023-B512-2EA67520C477}.AppStore|iPhone.ActiveCfg = Release|Any CPU
		{3E1E90E6-6C6E-4023-B512-2EA67520C477}.AppStore|iPhone.Build.0 = Release|Any CPU
		{3E1E90E6-6C6E-4023-B512-2EA67520C477}.AppStore|iPhone.Deploy.0 = Release|Any CPU
		{3E1E90E6-6C6E-4023-B512-2EA67520C477}.AppStore|iPhoneSimulator.ActiveCfg = Release|Any CPU
		{3E1E90E6-6C6E-4023-B512-2EA67520C477}.AppStore|iPhoneSimulator.Build.0 = Release|Any CPU
		{3E1E90E6-6C6E-4023-B512-2EA67520C477}.AppStore|iPhoneSimulator.Deploy.0 = Release|Any CPU
		{3E1E90E6-6C6E-4023-B512-2EA67520C477}.AppStore|x64.ActiveCfg = Release|Any CPU
		{3E1E90E6-6C6E-4023-B512-2EA67520C477}.AppStore|x64.Build.0 = Release|Any CPU
		{3E1E90E6-6C6E-4023-B512-2EA67520C477}.AppStore|x64.Deploy.0 = Release|Any CPU
		{3E1E90E6-6C6E-4023-B512-2EA67520C477}.AppStore|x86.ActiveCfg = Release|Any CPU
		{3E1E90E6-6C6E-4023-B512-2EA67520C477}.AppStore|x86.Build.0 = Release|Any CPU
		{3E1E90E6-6C6E-4023-B512-2EA67520C477}.AppStore|x86.Deploy.0 = Release|Any CPU
		{3E1E90E6-6C6E-4023-B512-2EA67520C477}.Debug|Any CPU.ActiveCfg = Debug|Any CPU
		{3E1E90E6-6C6E-4023-B512-2EA67520C477}.Debug|Any CPU.Build.0 = Debug|Any CPU
		{3E1E90E6-6C6E-4023-B512-2EA67520C477}.Debug|Any CPU.Deploy.0 = Debug|Any CPU
		{3E1E90E6-6C6E-4023-B512-2EA67520C477}.Debug|ARM.ActiveCfg = Debug|Any CPU
		{3E1E90E6-6C6E-4023-B512-2EA67520C477}.Debug|ARM.Build.0 = Debug|Any CPU
		{3E1E90E6-6C6E-4023-B512-2EA67520C477}.Debug|iPhone.ActiveCfg = Debug|Any CPU
		{3E1E90E6-6C6E-4023-B512-2EA67520C477}.Debug|iPhone.Build.0 = Debug|Any CPU
		{3E1E90E6-6C6E-4023-B512-2EA67520C477}.Debug|iPhoneSimulator.ActiveCfg = Debug|Any CPU
		{3E1E90E6-6C6E-4023-B512-2EA67520C477}.Debug|iPhoneSimulator.Build.0 = Debug|Any CPU
		{3E1E90E6-6C6E-4023-B512-2EA67520C477}.Debug|x64.ActiveCfg = Debug|Any CPU
		{3E1E90E6-6C6E-4023-B512-2EA67520C477}.Debug|x64.Build.0 = Debug|Any CPU
		{3E1E90E6-6C6E-4023-B512-2EA67520C477}.Debug|x86.ActiveCfg = Debug|Any CPU
		{3E1E90E6-6C6E-4023-B512-2EA67520C477}.Debug|x86.Build.0 = Debug|Any CPU
		{3E1E90E6-6C6E-4023-B512-2EA67520C477}.Release|Any CPU.ActiveCfg = Release|Any CPU
		{3E1E90E6-6C6E-4023-B512-2EA67520C477}.Release|Any CPU.Build.0 = Release|Any CPU
		{3E1E90E6-6C6E-4023-B512-2EA67520C477}.Release|Any CPU.Deploy.0 = Release|Any CPU
		{3E1E90E6-6C6E-4023-B512-2EA67520C477}.Release|ARM.ActiveCfg = Release|Any CPU
		{3E1E90E6-6C6E-4023-B512-2EA67520C477}.Release|ARM.Build.0 = Release|Any CPU
		{3E1E90E6-6C6E-4023-B512-2EA67520C477}.Release|ARM.Deploy.0 = Release|Any CPU
		{3E1E90E6-6C6E-4023-B512-2EA67520C477}.Release|iPhone.ActiveCfg = Release|Any CPU
		{3E1E90E6-6C6E-4023-B512-2EA67520C477}.Release|iPhone.Build.0 = Release|Any CPU
		{3E1E90E6-6C6E-4023-B512-2EA67520C477}.Release|iPhone.Deploy.0 = Release|Any CPU
		{3E1E90E6-6C6E-4023-B512-2EA67520C477}.Release|iPhoneSimulator.ActiveCfg = Release|Any CPU
		{3E1E90E6-6C6E-4023-B512-2EA67520C477}.Release|iPhoneSimulator.Build.0 = Release|Any CPU
		{3E1E90E6-6C6E-4023-B512-2EA67520C477}.Release|iPhoneSimulator.Deploy.0 = Release|Any CPU
		{3E1E90E6-6C6E-4023-B512-2EA67520C477}.Release|x64.ActiveCfg = Release|Any CPU
		{3E1E90E6-6C6E-4023-B512-2EA67520C477}.Release|x64.Build.0 = Release|Any CPU
		{3E1E90E6-6C6E-4023-B512-2EA67520C477}.Release|x64.Deploy.0 = Release|Any CPU
		{3E1E90E6-6C6E-4023-B512-2EA67520C477}.Release|x86.ActiveCfg = Release|Any CPU
		{3E1E90E6-6C6E-4023-B512-2EA67520C477}.Release|x86.Build.0 = Release|Any CPU
		{3E1E90E6-6C6E-4023-B512-2EA67520C477}.Release|x86.Deploy.0 = Release|Any CPU
		{94A64D51-E5EC-4264-9D59-195475729751}.Ad-Hoc|Any CPU.ActiveCfg = Ad-Hoc|iPhone
		{94A64D51-E5EC-4264-9D59-195475729751}.Ad-Hoc|ARM.ActiveCfg = Ad-Hoc|iPhone
		{94A64D51-E5EC-4264-9D59-195475729751}.Ad-Hoc|iPhone.ActiveCfg = Ad-Hoc|iPhone
		{94A64D51-E5EC-4264-9D59-195475729751}.Ad-Hoc|iPhone.Build.0 = Ad-Hoc|iPhone
		{94A64D51-E5EC-4264-9D59-195475729751}.Ad-Hoc|iPhoneSimulator.ActiveCfg = Ad-Hoc|iPhoneSimulator
		{94A64D51-E5EC-4264-9D59-195475729751}.Ad-Hoc|iPhoneSimulator.Build.0 = Ad-Hoc|iPhoneSimulator
		{94A64D51-E5EC-4264-9D59-195475729751}.Ad-Hoc|x64.ActiveCfg = Ad-Hoc|iPhone
		{94A64D51-E5EC-4264-9D59-195475729751}.Ad-Hoc|x86.ActiveCfg = Ad-Hoc|iPhone
		{94A64D51-E5EC-4264-9D59-195475729751}.AppStore|Any CPU.ActiveCfg = AppStore|iPhone
		{94A64D51-E5EC-4264-9D59-195475729751}.AppStore|ARM.ActiveCfg = AppStore|iPhone
		{94A64D51-E5EC-4264-9D59-195475729751}.AppStore|iPhone.ActiveCfg = AppStore|iPhone
		{94A64D51-E5EC-4264-9D59-195475729751}.AppStore|iPhone.Build.0 = AppStore|iPhone
		{94A64D51-E5EC-4264-9D59-195475729751}.AppStore|iPhoneSimulator.ActiveCfg = AppStore|iPhoneSimulator
		{94A64D51-E5EC-4264-9D59-195475729751}.AppStore|iPhoneSimulator.Build.0 = AppStore|iPhoneSimulator
		{94A64D51-E5EC-4264-9D59-195475729751}.AppStore|x64.ActiveCfg = AppStore|iPhone
		{94A64D51-E5EC-4264-9D59-195475729751}.AppStore|x86.ActiveCfg = AppStore|iPhone
		{94A64D51-E5EC-4264-9D59-195475729751}.Debug|Any CPU.ActiveCfg = Debug|iPhone
		{94A64D51-E5EC-4264-9D59-195475729751}.Debug|Any CPU.Build.0 = Debug|iPhone
		{94A64D51-E5EC-4264-9D59-195475729751}.Debug|ARM.ActiveCfg = Debug|iPhone
		{94A64D51-E5EC-4264-9D59-195475729751}.Debug|ARM.Build.0 = Debug|iPhone
		{94A64D51-E5EC-4264-9D59-195475729751}.Debug|iPhone.ActiveCfg = Debug|iPhone
		{94A64D51-E5EC-4264-9D59-195475729751}.Debug|iPhone.Build.0 = Debug|iPhone
		{94A64D51-E5EC-4264-9D59-195475729751}.Debug|iPhoneSimulator.ActiveCfg = Debug|iPhoneSimulator
		{94A64D51-E5EC-4264-9D59-195475729751}.Debug|iPhoneSimulator.Build.0 = Debug|iPhoneSimulator
		{94A64D51-E5EC-4264-9D59-195475729751}.Debug|x64.ActiveCfg = Debug|iPhone
		{94A64D51-E5EC-4264-9D59-195475729751}.Debug|x64.Build.0 = Debug|iPhone
		{94A64D51-E5EC-4264-9D59-195475729751}.Debug|x86.ActiveCfg = Debug|iPhone
		{94A64D51-E5EC-4264-9D59-195475729751}.Debug|x86.Build.0 = Debug|iPhone
		{94A64D51-E5EC-4264-9D59-195475729751}.Release|Any CPU.ActiveCfg = Release|iPhone
		{94A64D51-E5EC-4264-9D59-195475729751}.Release|ARM.ActiveCfg = Release|iPhone
		{94A64D51-E5EC-4264-9D59-195475729751}.Release|iPhone.ActiveCfg = Release|iPhone
		{94A64D51-E5EC-4264-9D59-195475729751}.Release|iPhone.Build.0 = Release|iPhone
		{94A64D51-E5EC-4264-9D59-195475729751}.Release|iPhoneSimulator.ActiveCfg = Release|iPhoneSimulator
		{94A64D51-E5EC-4264-9D59-195475729751}.Release|iPhoneSimulator.Build.0 = Release|iPhoneSimulator
		{94A64D51-E5EC-4264-9D59-195475729751}.Release|x64.ActiveCfg = Release|iPhone
		{94A64D51-E5EC-4264-9D59-195475729751}.Release|x86.ActiveCfg = Release|iPhone
		{80552336-B512-4902-B870-5375088B285D}.Ad-Hoc|Any CPU.ActiveCfg = Release|Any CPU
		{80552336-B512-4902-B870-5375088B285D}.Ad-Hoc|Any CPU.Build.0 = Release|Any CPU
		{80552336-B512-4902-B870-5375088B285D}.Ad-Hoc|ARM.ActiveCfg = Release|Any CPU
		{80552336-B512-4902-B870-5375088B285D}.Ad-Hoc|ARM.Build.0 = Release|Any CPU
		{80552336-B512-4902-B870-5375088B285D}.Ad-Hoc|iPhone.ActiveCfg = Release|Any CPU
		{80552336-B512-4902-B870-5375088B285D}.Ad-Hoc|iPhone.Build.0 = Release|Any CPU
		{80552336-B512-4902-B870-5375088B285D}.Ad-Hoc|iPhoneSimulator.ActiveCfg = Release|Any CPU
		{80552336-B512-4902-B870-5375088B285D}.Ad-Hoc|iPhoneSimulator.Build.0 = Release|Any CPU
		{80552336-B512-4902-B870-5375088B285D}.Ad-Hoc|x64.ActiveCfg = Release|Any CPU
		{80552336-B512-4902-B870-5375088B285D}.Ad-Hoc|x64.Build.0 = Release|Any CPU
		{80552336-B512-4902-B870-5375088B285D}.Ad-Hoc|x86.ActiveCfg = Release|Any CPU
		{80552336-B512-4902-B870-5375088B285D}.Ad-Hoc|x86.Build.0 = Release|Any CPU
		{80552336-B512-4902-B870-5375088B285D}.AppStore|Any CPU.ActiveCfg = Release|Any CPU
		{80552336-B512-4902-B870-5375088B285D}.AppStore|Any CPU.Build.0 = Release|Any CPU
		{80552336-B512-4902-B870-5375088B285D}.AppStore|ARM.ActiveCfg = Release|Any CPU
		{80552336-B512-4902-B870-5375088B285D}.AppStore|ARM.Build.0 = Release|Any CPU
		{80552336-B512-4902-B870-5375088B285D}.AppStore|iPhone.ActiveCfg = Release|Any CPU
		{80552336-B512-4902-B870-5375088B285D}.AppStore|iPhone.Build.0 = Release|Any CPU
		{80552336-B512-4902-B870-5375088B285D}.AppStore|iPhoneSimulator.ActiveCfg = Release|Any CPU
		{80552336-B512-4902-B870-5375088B285D}.AppStore|iPhoneSimulator.Build.0 = Release|Any CPU
		{80552336-B512-4902-B870-5375088B285D}.AppStore|x64.ActiveCfg = Release|Any CPU
		{80552336-B512-4902-B870-5375088B285D}.AppStore|x64.Build.0 = Release|Any CPU
		{80552336-B512-4902-B870-5375088B285D}.AppStore|x86.ActiveCfg = Release|Any CPU
		{80552336-B512-4902-B870-5375088B285D}.AppStore|x86.Build.0 = Release|Any CPU
		{80552336-B512-4902-B870-5375088B285D}.Debug|Any CPU.ActiveCfg = Debug|Any CPU
		{80552336-B512-4902-B870-5375088B285D}.Debug|Any CPU.Build.0 = Debug|Any CPU
		{80552336-B512-4902-B870-5375088B285D}.Debug|ARM.ActiveCfg = Debug|Any CPU
		{80552336-B512-4902-B870-5375088B285D}.Debug|ARM.Build.0 = Debug|Any CPU
		{80552336-B512-4902-B870-5375088B285D}.Debug|iPhone.ActiveCfg = Debug|Any CPU
		{80552336-B512-4902-B870-5375088B285D}.Debug|iPhone.Build.0 = Debug|Any CPU
		{80552336-B512-4902-B870-5375088B285D}.Debug|iPhoneSimulator.ActiveCfg = Debug|Any CPU
		{80552336-B512-4902-B870-5375088B285D}.Debug|iPhoneSimulator.Build.0 = Debug|Any CPU
		{80552336-B512-4902-B870-5375088B285D}.Debug|x64.ActiveCfg = Debug|Any CPU
		{80552336-B512-4902-B870-5375088B285D}.Debug|x64.Build.0 = Debug|Any CPU
		{80552336-B512-4902-B870-5375088B285D}.Debug|x86.ActiveCfg = Debug|Any CPU
		{80552336-B512-4902-B870-5375088B285D}.Debug|x86.Build.0 = Debug|Any CPU
		{80552336-B512-4902-B870-5375088B285D}.Release|Any CPU.ActiveCfg = Release|Any CPU
		{80552336-B512-4902-B870-5375088B285D}.Release|Any CPU.Build.0 = Release|Any CPU
		{80552336-B512-4902-B870-5375088B285D}.Release|ARM.ActiveCfg = Release|Any CPU
		{80552336-B512-4902-B870-5375088B285D}.Release|ARM.Build.0 = Release|Any CPU
		{80552336-B512-4902-B870-5375088B285D}.Release|iPhone.ActiveCfg = Release|Any CPU
		{80552336-B512-4902-B870-5375088B285D}.Release|iPhone.Build.0 = Release|Any CPU
		{80552336-B512-4902-B870-5375088B285D}.Release|iPhoneSimulator.ActiveCfg = Release|Any CPU
		{80552336-B512-4902-B870-5375088B285D}.Release|iPhoneSimulator.Build.0 = Release|Any CPU
		{80552336-B512-4902-B870-5375088B285D}.Release|x64.ActiveCfg = Release|Any CPU
		{80552336-B512-4902-B870-5375088B285D}.Release|x64.Build.0 = Release|Any CPU
		{80552336-B512-4902-B870-5375088B285D}.Release|x86.ActiveCfg = Release|Any CPU
		{80552336-B512-4902-B870-5375088B285D}.Release|x86.Build.0 = Release|Any CPU
		{F18904A1-42A9-44B5-AF9F-24B5114C76AE}.Ad-Hoc|Any CPU.ActiveCfg = Release|Any CPU
		{F18904A1-42A9-44B5-AF9F-24B5114C76AE}.Ad-Hoc|Any CPU.Build.0 = Release|Any CPU
		{F18904A1-42A9-44B5-AF9F-24B5114C76AE}.Ad-Hoc|ARM.ActiveCfg = Release|ARM
		{F18904A1-42A9-44B5-AF9F-24B5114C76AE}.Ad-Hoc|ARM.Build.0 = Release|ARM
		{F18904A1-42A9-44B5-AF9F-24B5114C76AE}.Ad-Hoc|iPhone.ActiveCfg = Release|Any CPU
		{F18904A1-42A9-44B5-AF9F-24B5114C76AE}.Ad-Hoc|iPhone.Build.0 = Release|Any CPU
		{F18904A1-42A9-44B5-AF9F-24B5114C76AE}.Ad-Hoc|iPhoneSimulator.ActiveCfg = Release|Any CPU
		{F18904A1-42A9-44B5-AF9F-24B5114C76AE}.Ad-Hoc|iPhoneSimulator.Build.0 = Release|Any CPU
		{F18904A1-42A9-44B5-AF9F-24B5114C76AE}.Ad-Hoc|x64.ActiveCfg = Release|x64
		{F18904A1-42A9-44B5-AF9F-24B5114C76AE}.Ad-Hoc|x64.Build.0 = Release|x64
		{F18904A1-42A9-44B5-AF9F-24B5114C76AE}.Ad-Hoc|x86.ActiveCfg = Release|x86
		{F18904A1-42A9-44B5-AF9F-24B5114C76AE}.Ad-Hoc|x86.Build.0 = Release|x86
		{F18904A1-42A9-44B5-AF9F-24B5114C76AE}.AppStore|Any CPU.ActiveCfg = Release|Any CPU
		{F18904A1-42A9-44B5-AF9F-24B5114C76AE}.AppStore|Any CPU.Build.0 = Release|Any CPU
		{F18904A1-42A9-44B5-AF9F-24B5114C76AE}.AppStore|ARM.ActiveCfg = Release|ARM
		{F18904A1-42A9-44B5-AF9F-24B5114C76AE}.AppStore|ARM.Build.0 = Release|ARM
		{F18904A1-42A9-44B5-AF9F-24B5114C76AE}.AppStore|iPhone.ActiveCfg = Release|Any CPU
		{F18904A1-42A9-44B5-AF9F-24B5114C76AE}.AppStore|iPhone.Build.0 = Release|Any CPU
		{F18904A1-42A9-44B5-AF9F-24B5114C76AE}.AppStore|iPhoneSimulator.ActiveCfg = Release|Any CPU
		{F18904A1-42A9-44B5-AF9F-24B5114C76AE}.AppStore|iPhoneSimulator.Build.0 = Release|Any CPU
		{F18904A1-42A9-44B5-AF9F-24B5114C76AE}.AppStore|x64.ActiveCfg = Release|x64
		{F18904A1-42A9-44B5-AF9F-24B5114C76AE}.AppStore|x64.Build.0 = Release|x64
		{F18904A1-42A9-44B5-AF9F-24B5114C76AE}.AppStore|x86.ActiveCfg = Release|x86
		{F18904A1-42A9-44B5-AF9F-24B5114C76AE}.AppStore|x86.Build.0 = Release|x86
		{F18904A1-42A9-44B5-AF9F-24B5114C76AE}.Debug|Any CPU.ActiveCfg = Debug|Any CPU
		{F18904A1-42A9-44B5-AF9F-24B5114C76AE}.Debug|Any CPU.Build.0 = Debug|Any CPU
		{F18904A1-42A9-44B5-AF9F-24B5114C76AE}.Debug|Any CPU.Deploy.0 = Debug|Any CPU
		{F18904A1-42A9-44B5-AF9F-24B5114C76AE}.Debug|ARM.ActiveCfg = Debug|ARM
		{F18904A1-42A9-44B5-AF9F-24B5114C76AE}.Debug|ARM.Build.0 = Debug|ARM
		{F18904A1-42A9-44B5-AF9F-24B5114C76AE}.Debug|iPhone.ActiveCfg = Debug|Any CPU
		{F18904A1-42A9-44B5-AF9F-24B5114C76AE}.Debug|iPhone.Build.0 = Debug|Any CPU
		{F18904A1-42A9-44B5-AF9F-24B5114C76AE}.Debug|iPhoneSimulator.ActiveCfg = Debug|Any CPU
		{F18904A1-42A9-44B5-AF9F-24B5114C76AE}.Debug|iPhoneSimulator.Build.0 = Debug|Any CPU
		{F18904A1-42A9-44B5-AF9F-24B5114C76AE}.Debug|x64.ActiveCfg = Debug|x64
		{F18904A1-42A9-44B5-AF9F-24B5114C76AE}.Debug|x64.Build.0 = Debug|x64
		{F18904A1-42A9-44B5-AF9F-24B5114C76AE}.Debug|x86.ActiveCfg = Debug|x86
		{F18904A1-42A9-44B5-AF9F-24B5114C76AE}.Debug|x86.Build.0 = Debug|x86
		{F18904A1-42A9-44B5-AF9F-24B5114C76AE}.Release|Any CPU.ActiveCfg = Release|Any CPU
		{F18904A1-42A9-44B5-AF9F-24B5114C76AE}.Release|Any CPU.Build.0 = Release|Any CPU
		{F18904A1-42A9-44B5-AF9F-24B5114C76AE}.Release|ARM.ActiveCfg = Release|ARM
		{F18904A1-42A9-44B5-AF9F-24B5114C76AE}.Release|ARM.Build.0 = Release|ARM
		{F18904A1-42A9-44B5-AF9F-24B5114C76AE}.Release|iPhone.ActiveCfg = Release|Any CPU
		{F18904A1-42A9-44B5-AF9F-24B5114C76AE}.Release|iPhone.Build.0 = Release|Any CPU
		{F18904A1-42A9-44B5-AF9F-24B5114C76AE}.Release|iPhoneSimulator.ActiveCfg = Release|Any CPU
		{F18904A1-42A9-44B5-AF9F-24B5114C76AE}.Release|iPhoneSimulator.Build.0 = Release|Any CPU
		{F18904A1-42A9-44B5-AF9F-24B5114C76AE}.Release|x64.ActiveCfg = Release|x64
		{F18904A1-42A9-44B5-AF9F-24B5114C76AE}.Release|x64.Build.0 = Release|x64
		{F18904A1-42A9-44B5-AF9F-24B5114C76AE}.Release|x86.ActiveCfg = Release|x86
		{F18904A1-42A9-44B5-AF9F-24B5114C76AE}.Release|x86.Build.0 = Release|x86
		{37B4E936-DD93-48F5-9ABC-441E2C8E6408}.Ad-Hoc|Any CPU.ActiveCfg = Release|Any CPU
		{37B4E936-DD93-48F5-9ABC-441E2C8E6408}.Ad-Hoc|Any CPU.Build.0 = Release|Any CPU
		{37B4E936-DD93-48F5-9ABC-441E2C8E6408}.Ad-Hoc|ARM.ActiveCfg = Release|ARM
		{37B4E936-DD93-48F5-9ABC-441E2C8E6408}.Ad-Hoc|ARM.Build.0 = Release|ARM
		{37B4E936-DD93-48F5-9ABC-441E2C8E6408}.Ad-Hoc|iPhone.ActiveCfg = Release|Any CPU
		{37B4E936-DD93-48F5-9ABC-441E2C8E6408}.Ad-Hoc|iPhone.Build.0 = Release|Any CPU
		{37B4E936-DD93-48F5-9ABC-441E2C8E6408}.Ad-Hoc|iPhoneSimulator.ActiveCfg = Release|Any CPU
		{37B4E936-DD93-48F5-9ABC-441E2C8E6408}.Ad-Hoc|iPhoneSimulator.Build.0 = Release|Any CPU
		{37B4E936-DD93-48F5-9ABC-441E2C8E6408}.Ad-Hoc|x64.ActiveCfg = Release|x64
		{37B4E936-DD93-48F5-9ABC-441E2C8E6408}.Ad-Hoc|x64.Build.0 = Release|x64
		{37B4E936-DD93-48F5-9ABC-441E2C8E6408}.Ad-Hoc|x86.ActiveCfg = Release|x86
		{37B4E936-DD93-48F5-9ABC-441E2C8E6408}.Ad-Hoc|x86.Build.0 = Release|x86
		{37B4E936-DD93-48F5-9ABC-441E2C8E6408}.AppStore|Any CPU.ActiveCfg = Release|Any CPU
		{37B4E936-DD93-48F5-9ABC-441E2C8E6408}.AppStore|Any CPU.Build.0 = Release|Any CPU
		{37B4E936-DD93-48F5-9ABC-441E2C8E6408}.AppStore|ARM.ActiveCfg = Release|ARM
		{37B4E936-DD93-48F5-9ABC-441E2C8E6408}.AppStore|ARM.Build.0 = Release|ARM
		{37B4E936-DD93-48F5-9ABC-441E2C8E6408}.AppStore|iPhone.ActiveCfg = Release|Any CPU
		{37B4E936-DD93-48F5-9ABC-441E2C8E6408}.AppStore|iPhone.Build.0 = Release|Any CPU
		{37B4E936-DD93-48F5-9ABC-441E2C8E6408}.AppStore|iPhoneSimulator.ActiveCfg = Release|Any CPU
		{37B4E936-DD93-48F5-9ABC-441E2C8E6408}.AppStore|iPhoneSimulator.Build.0 = Release|Any CPU
		{37B4E936-DD93-48F5-9ABC-441E2C8E6408}.AppStore|x64.ActiveCfg = Release|x64
		{37B4E936-DD93-48F5-9ABC-441E2C8E6408}.AppStore|x64.Build.0 = Release|x64
		{37B4E936-DD93-48F5-9ABC-441E2C8E6408}.AppStore|x86.ActiveCfg = Release|x86
		{37B4E936-DD93-48F5-9ABC-441E2C8E6408}.AppStore|x86.Build.0 = Release|x86
		{37B4E936-DD93-48F5-9ABC-441E2C8E6408}.Debug|Any CPU.ActiveCfg = Debug|Any CPU
		{37B4E936-DD93-48F5-9ABC-441E2C8E6408}.Debug|Any CPU.Build.0 = Debug|Any CPU
		{37B4E936-DD93-48F5-9ABC-441E2C8E6408}.Debug|ARM.ActiveCfg = Debug|ARM
		{37B4E936-DD93-48F5-9ABC-441E2C8E6408}.Debug|ARM.Build.0 = Debug|ARM
		{37B4E936-DD93-48F5-9ABC-441E2C8E6408}.Debug|iPhone.ActiveCfg = Debug|Any CPU
		{37B4E936-DD93-48F5-9ABC-441E2C8E6408}.Debug|iPhone.Build.0 = Debug|Any CPU
		{37B4E936-DD93-48F5-9ABC-441E2C8E6408}.Debug|iPhoneSimulator.ActiveCfg = Debug|Any CPU
		{37B4E936-DD93-48F5-9ABC-441E2C8E6408}.Debug|iPhoneSimulator.Build.0 = Debug|Any CPU
		{37B4E936-DD93-48F5-9ABC-441E2C8E6408}.Debug|x64.ActiveCfg = Debug|x64
		{37B4E936-DD93-48F5-9ABC-441E2C8E6408}.Debug|x64.Build.0 = Debug|x64
		{37B4E936-DD93-48F5-9ABC-441E2C8E6408}.Debug|x86.ActiveCfg = Debug|x86
		{37B4E936-DD93-48F5-9ABC-441E2C8E6408}.Debug|x86.Build.0 = Debug|x86
		{37B4E936-DD93-48F5-9ABC-441E2C8E6408}.Release|Any CPU.ActiveCfg = Release|Any CPU
		{37B4E936-DD93-48F5-9ABC-441E2C8E6408}.Release|Any CPU.Build.0 = Release|Any CPU
		{37B4E936-DD93-48F5-9ABC-441E2C8E6408}.Release|ARM.ActiveCfg = Release|ARM
		{37B4E936-DD93-48F5-9ABC-441E2C8E6408}.Release|ARM.Build.0 = Release|ARM
		{37B4E936-DD93-48F5-9ABC-441E2C8E6408}.Release|iPhone.ActiveCfg = Release|Any CPU
		{37B4E936-DD93-48F5-9ABC-441E2C8E6408}.Release|iPhone.Build.0 = Release|Any CPU
		{37B4E936-DD93-48F5-9ABC-441E2C8E6408}.Release|iPhoneSimulator.ActiveCfg = Release|Any CPU
		{37B4E936-DD93-48F5-9ABC-441E2C8E6408}.Release|iPhoneSimulator.Build.0 = Release|Any CPU
		{37B4E936-DD93-48F5-9ABC-441E2C8E6408}.Release|x64.ActiveCfg = Release|x64
		{37B4E936-DD93-48F5-9ABC-441E2C8E6408}.Release|x64.Build.0 = Release|x64
		{37B4E936-DD93-48F5-9ABC-441E2C8E6408}.Release|x86.ActiveCfg = Release|x86
		{37B4E936-DD93-48F5-9ABC-441E2C8E6408}.Release|x86.Build.0 = Release|x86
		{61BC5329-5D8B-4EB4-ABCB-09D31B87BE69}.Ad-Hoc|Any CPU.ActiveCfg = Release|Any CPU
		{61BC5329-5D8B-4EB4-ABCB-09D31B87BE69}.Ad-Hoc|Any CPU.Build.0 = Release|Any CPU
		{61BC5329-5D8B-4EB4-ABCB-09D31B87BE69}.Ad-Hoc|ARM.ActiveCfg = Release|Any CPU
		{61BC5329-5D8B-4EB4-ABCB-09D31B87BE69}.Ad-Hoc|ARM.Build.0 = Release|Any CPU
		{61BC5329-5D8B-4EB4-ABCB-09D31B87BE69}.Ad-Hoc|iPhone.ActiveCfg = Release|Any CPU
		{61BC5329-5D8B-4EB4-ABCB-09D31B87BE69}.Ad-Hoc|iPhone.Build.0 = Release|Any CPU
		{61BC5329-5D8B-4EB4-ABCB-09D31B87BE69}.Ad-Hoc|iPhoneSimulator.ActiveCfg = Release|Any CPU
		{61BC5329-5D8B-4EB4-ABCB-09D31B87BE69}.Ad-Hoc|iPhoneSimulator.Build.0 = Release|Any CPU
		{61BC5329-5D8B-4EB4-ABCB-09D31B87BE69}.Ad-Hoc|x64.ActiveCfg = Release|Any CPU
		{61BC5329-5D8B-4EB4-ABCB-09D31B87BE69}.Ad-Hoc|x64.Build.0 = Release|Any CPU
		{61BC5329-5D8B-4EB4-ABCB-09D31B87BE69}.Ad-Hoc|x86.ActiveCfg = Release|Any CPU
		{61BC5329-5D8B-4EB4-ABCB-09D31B87BE69}.Ad-Hoc|x86.Build.0 = Release|Any CPU
		{61BC5329-5D8B-4EB4-ABCB-09D31B87BE69}.AppStore|Any CPU.ActiveCfg = Release|Any CPU
		{61BC5329-5D8B-4EB4-ABCB-09D31B87BE69}.AppStore|Any CPU.Build.0 = Release|Any CPU
		{61BC5329-5D8B-4EB4-ABCB-09D31B87BE69}.AppStore|ARM.ActiveCfg = Release|Any CPU
		{61BC5329-5D8B-4EB4-ABCB-09D31B87BE69}.AppStore|ARM.Build.0 = Release|Any CPU
		{61BC5329-5D8B-4EB4-ABCB-09D31B87BE69}.AppStore|iPhone.ActiveCfg = Release|Any CPU
		{61BC5329-5D8B-4EB4-ABCB-09D31B87BE69}.AppStore|iPhone.Build.0 = Release|Any CPU
		{61BC5329-5D8B-4EB4-ABCB-09D31B87BE69}.AppStore|iPhoneSimulator.ActiveCfg = Release|Any CPU
		{61BC5329-5D8B-4EB4-ABCB-09D31B87BE69}.AppStore|iPhoneSimulator.Build.0 = Release|Any CPU
		{61BC5329-5D8B-4EB4-ABCB-09D31B87BE69}.AppStore|x64.ActiveCfg = Release|Any CPU
		{61BC5329-5D8B-4EB4-ABCB-09D31B87BE69}.AppStore|x64.Build.0 = Release|Any CPU
		{61BC5329-5D8B-4EB4-ABCB-09D31B87BE69}.AppStore|x86.ActiveCfg = Release|Any CPU
		{61BC5329-5D8B-4EB4-ABCB-09D31B87BE69}.AppStore|x86.Build.0 = Release|Any CPU
		{61BC5329-5D8B-4EB4-ABCB-09D31B87BE69}.Debug|Any CPU.ActiveCfg = Debug|Any CPU
		{61BC5329-5D8B-4EB4-ABCB-09D31B87BE69}.Debug|Any CPU.Build.0 = Debug|Any CPU
		{61BC5329-5D8B-4EB4-ABCB-09D31B87BE69}.Debug|ARM.ActiveCfg = Debug|Any CPU
		{61BC5329-5D8B-4EB4-ABCB-09D31B87BE69}.Debug|ARM.Build.0 = Debug|Any CPU
		{61BC5329-5D8B-4EB4-ABCB-09D31B87BE69}.Debug|iPhone.ActiveCfg = Debug|Any CPU
		{61BC5329-5D8B-4EB4-ABCB-09D31B87BE69}.Debug|iPhone.Build.0 = Debug|Any CPU
		{61BC5329-5D8B-4EB4-ABCB-09D31B87BE69}.Debug|iPhoneSimulator.ActiveCfg = Debug|Any CPU
		{61BC5329-5D8B-4EB4-ABCB-09D31B87BE69}.Debug|iPhoneSimulator.Build.0 = Debug|Any CPU
		{61BC5329-5D8B-4EB4-ABCB-09D31B87BE69}.Debug|x64.ActiveCfg = Debug|Any CPU
		{61BC5329-5D8B-4EB4-ABCB-09D31B87BE69}.Debug|x64.Build.0 = Debug|Any CPU
		{61BC5329-5D8B-4EB4-ABCB-09D31B87BE69}.Debug|x86.ActiveCfg = Debug|Any CPU
		{61BC5329-5D8B-4EB4-ABCB-09D31B87BE69}.Debug|x86.Build.0 = Debug|Any CPU
		{61BC5329-5D8B-4EB4-ABCB-09D31B87BE69}.Release|Any CPU.ActiveCfg = Release|Any CPU
		{61BC5329-5D8B-4EB4-ABCB-09D31B87BE69}.Release|Any CPU.Build.0 = Release|Any CPU
		{61BC5329-5D8B-4EB4-ABCB-09D31B87BE69}.Release|ARM.ActiveCfg = Release|Any CPU
		{61BC5329-5D8B-4EB4-ABCB-09D31B87BE69}.Release|ARM.Build.0 = Release|Any CPU
		{61BC5329-5D8B-4EB4-ABCB-09D31B87BE69}.Release|iPhone.ActiveCfg = Release|Any CPU
		{61BC5329-5D8B-4EB4-ABCB-09D31B87BE69}.Release|iPhone.Build.0 = Release|Any CPU
		{61BC5329-5D8B-4EB4-ABCB-09D31B87BE69}.Release|iPhoneSimulator.ActiveCfg = Release|Any CPU
		{61BC5329-5D8B-4EB4-ABCB-09D31B87BE69}.Release|iPhoneSimulator.Build.0 = Release|Any CPU
		{61BC5329-5D8B-4EB4-ABCB-09D31B87BE69}.Release|x64.ActiveCfg = Release|Any CPU
		{61BC5329-5D8B-4EB4-ABCB-09D31B87BE69}.Release|x64.Build.0 = Release|Any CPU
		{61BC5329-5D8B-4EB4-ABCB-09D31B87BE69}.Release|x86.ActiveCfg = Release|Any CPU
		{61BC5329-5D8B-4EB4-ABCB-09D31B87BE69}.Release|x86.Build.0 = Release|Any CPU
	EndGlobalSection
	GlobalSection(SolutionProperties) = preSolution
		HideSolutionNode = FALSE
	EndGlobalSection
EndGlobal
