
Microsoft Visual Studio Solution File, Format Version 12.00
# Visual Studio 15
VisualStudioVersion = 15.0.26228.4
MinimumVisualStudioVersion = 10.0.40219.1
Project("{FAE04EC0-301F-11D3-BF4B-00C04F79EFBC}") = "MVP.App.Common", "MVP.App.Common\MVP.App.Common.csproj", "{80552336-B512-4902-B870-5375088B285D}"
EndProject
Project("{FAE04EC0-301F-11D3-BF4B-00C04F79EFBC}") = "MVP.App.iOS", "MVP.App.iOS\MVP.App.iOS.csproj", "{94A64D51-E5EC-4264-9D59-195475729751}"
EndProject
Global
	GlobalSection(SolutionConfigurationPlatforms) = preSolution
		Ad-Hoc|Any CPU = Ad-Hoc|Any CPU
		Ad-Hoc|iPhone = Ad-Hoc|iPhone
		Ad-Hoc|iPhoneSimulator = Ad-Hoc|iPhoneSimulator
		AppStore|Any CPU = AppStore|Any CPU
		AppStore|iPhone = AppStore|iPhone
		AppStore|iPhoneSimulator = AppStore|iPhoneSimulator
		Debug|Any CPU = Debug|Any CPU
		Debug|iPhone = Debug|iPhone
		Debug|iPhoneSimulator = Debug|iPhoneSimulator
		Release|Any CPU = Release|Any CPU
		Release|iPhone = Release|iPhone
		Release|iPhoneSimulator = Release|iPhoneSimulator
	EndGlobalSection
	GlobalSection(ProjectConfigurationPlatforms) = postSolution
		{80552336-B512-4902-B870-5375088B285D}.Ad-Hoc|Any CPU.ActiveCfg = Release|Any CPU
		{80552336-B512-4902-B870-5375088B285D}.Ad-Hoc|Any CPU.Build.0 = Release|Any CPU
		{80552336-B512-4902-B870-5375088B285D}.Ad-Hoc|iPhone.ActiveCfg = Release|Any CPU
		{80552336-B512-4902-B870-5375088B285D}.Ad-Hoc|iPhone.Build.0 = Release|Any CPU
		{80552336-B512-4902-B870-5375088B285D}.Ad-Hoc|iPhoneSimulator.ActiveCfg = Release|Any CPU
		{80552336-B512-4902-B870-5375088B285D}.Ad-Hoc|iPhoneSimulator.Build.0 = Release|Any CPU
		{80552336-B512-4902-B870-5375088B285D}.AppStore|Any CPU.ActiveCfg = Release|Any CPU
		{80552336-B512-4902-B870-5375088B285D}.AppStore|Any CPU.Build.0 = Release|Any CPU
		{80552336-B512-4902-B870-5375088B285D}.AppStore|iPhone.ActiveCfg = Release|Any CPU
		{80552336-B512-4902-B870-5375088B285D}.AppStore|iPhone.Build.0 = Release|Any CPU
		{80552336-B512-4902-B870-5375088B285D}.AppStore|iPhoneSimulator.ActiveCfg = Release|Any CPU
		{80552336-B512-4902-B870-5375088B285D}.AppStore|iPhoneSimulator.Build.0 = Release|Any CPU
		{80552336-B512-4902-B870-5375088B285D}.Debug|Any CPU.ActiveCfg = Debug|Any CPU
		{80552336-B512-4902-B870-5375088B285D}.Debug|Any CPU.Build.0 = Debug|Any CPU
		{80552336-B512-4902-B870-5375088B285D}.Debug|iPhone.ActiveCfg = Debug|Any CPU
		{80552336-B512-4902-B870-5375088B285D}.Debug|iPhone.Build.0 = Debug|Any CPU
		{80552336-B512-4902-B870-5375088B285D}.Debug|iPhoneSimulator.ActiveCfg = Debug|Any CPU
		{80552336-B512-4902-B870-5375088B285D}.Debug|iPhoneSimulator.Build.0 = Debug|Any CPU
		{80552336-B512-4902-B870-5375088B285D}.Release|Any CPU.ActiveCfg = Release|Any CPU
		{80552336-B512-4902-B870-5375088B285D}.Release|Any CPU.Build.0 = Release|Any CPU
		{80552336-B512-4902-B870-5375088B285D}.Release|iPhone.ActiveCfg = Release|Any CPU
		{80552336-B512-4902-B870-5375088B285D}.Release|iPhone.Build.0 = Release|Any CPU
		{80552336-B512-4902-B870-5375088B285D}.Release|iPhoneSimulator.ActiveCfg = Release|Any CPU
		{80552336-B512-4902-B870-5375088B285D}.Release|iPhoneSimulator.Build.0 = Release|Any CPU
		{94A64D51-E5EC-4264-9D59-195475729751}.Ad-Hoc|Any CPU.ActiveCfg = Ad-Hoc|iPhone
		{94A64D51-E5EC-4264-9D59-195475729751}.Ad-Hoc|iPhone.ActiveCfg = Ad-Hoc|iPhone
		{94A64D51-E5EC-4264-9D59-195475729751}.Ad-Hoc|iPhone.Build.0 = Ad-Hoc|iPhone
		{94A64D51-E5EC-4264-9D59-195475729751}.Ad-Hoc|iPhoneSimulator.ActiveCfg = Ad-Hoc|iPhoneSimulator
		{94A64D51-E5EC-4264-9D59-195475729751}.Ad-Hoc|iPhoneSimulator.Build.0 = Ad-Hoc|iPhoneSimulator
		{94A64D51-E5EC-4264-9D59-195475729751}.AppStore|Any CPU.ActiveCfg = AppStore|iPhone
		{94A64D51-E5EC-4264-9D59-195475729751}.AppStore|iPhone.ActiveCfg = AppStore|iPhone
		{94A64D51-E5EC-4264-9D59-195475729751}.AppStore|iPhone.Build.0 = AppStore|iPhone
		{94A64D51-E5EC-4264-9D59-195475729751}.AppStore|iPhoneSimulator.ActiveCfg = AppStore|iPhoneSimulator
		{94A64D51-E5EC-4264-9D59-195475729751}.AppStore|iPhoneSimulator.Build.0 = AppStore|iPhoneSimulator
		{94A64D51-E5EC-4264-9D59-195475729751}.Debug|Any CPU.ActiveCfg = Debug|iPhone
		{94A64D51-E5EC-4264-9D59-195475729751}.Debug|Any CPU.Build.0 = Debug|iPhone
		{94A64D51-E5EC-4264-9D59-195475729751}.Debug|iPhone.ActiveCfg = Debug|iPhone
		{94A64D51-E5EC-4264-9D59-195475729751}.Debug|iPhone.Build.0 = Debug|iPhone
		{94A64D51-E5EC-4264-9D59-195475729751}.Debug|iPhoneSimulator.ActiveCfg = Debug|iPhoneSimulator
		{94A64D51-E5EC-4264-9D59-195475729751}.Debug|iPhoneSimulator.Build.0 = Debug|iPhoneSimulator
		{94A64D51-E5EC-4264-9D59-195475729751}.Release|Any CPU.ActiveCfg = Release|iPhone
		{94A64D51-E5EC-4264-9D59-195475729751}.Release|Any CPU.Build.0 = Release|iPhone
		{94A64D51-E5EC-4264-9D59-195475729751}.Release|iPhone.ActiveCfg = Release|iPhone
		{94A64D51-E5EC-4264-9D59-195475729751}.Release|iPhone.Build.0 = Release|iPhone
		{94A64D51-E5EC-4264-9D59-195475729751}.Release|iPhoneSimulator.ActiveCfg = Release|iPhoneSimulator
		{94A64D51-E5EC-4264-9D59-195475729751}.Release|iPhoneSimulator.Build.0 = Release|iPhoneSimulator
	EndGlobalSection
	GlobalSection(SolutionProperties) = preSolution
		HideSolutionNode = FALSE
	EndGlobalSection
EndGlobal
