
Microsoft Visual Studio Solution File, Format Version 12.00
# Visual Studio 15
VisualStudioVersion = 15.0.26228.4
MinimumVisualStudioVersion = 10.0.40219.1
Project("{FAE04EC0-301F-11D3-BF4B-00C04F79EFBC}") = "MVP.App.Common", "MVP.App.Common\MVP.App.Common.csproj", "{80552336-B512-4902-B870-5375088B285D}"
EndProject
Project("{FAE04EC0-301F-11D3-BF4B-00C04F79EFBC}") = "MVP.App.Droid", "MVP.App.Droid\MVP.App.Droid.csproj", "{3E1E90E6-6C6E-4023-B512-2EA67520C477}"
EndProject
Global
	GlobalSection(SolutionConfigurationPlatforms) = preSolution
		Debug|Any CPU = Debug|Any CPU
		Release|Any CPU = Release|Any CPU
	EndGlobalSection
	GlobalSection(ProjectConfigurationPlatforms) = postSolution
		{80552336-B512-4902-B870-5375088B285D}.Debug|Any CPU.ActiveCfg = Debug|Any CPU
		{80552336-B512-4902-B870-5375088B285D}.Debug|Any CPU.Build.0 = Debug|Any CPU
		{80552336-B512-4902-B870-5375088B285D}.Release|Any CPU.ActiveCfg = Release|Any CPU
		{80552336-B512-4902-B870-5375088B285D}.Release|Any CPU.Build.0 = Release|Any CPU
		{3E1E90E6-6C6E-4023-B512-2EA67520C477}.Debug|Any CPU.ActiveCfg = Debug|Any CPU
		{3E1E90E6-6C6E-4023-B512-2EA67520C477}.Debug|Any CPU.Build.0 = Debug|Any CPU
		{3E1E90E6-6C6E-4023-B512-2EA67520C477}.Debug|Any CPU.Deploy.0 = Debug|Any CPU
		{3E1E90E6-6C6E-4023-B512-2EA67520C477}.Release|Any CPU.ActiveCfg = Release|Any CPU
		{3E1E90E6-6C6E-4023-B512-2EA67520C477}.Release|Any CPU.Build.0 = Release|Any CPU
		{3E1E90E6-6C6E-4023-B512-2EA67520C477}.Release|Any CPU.Deploy.0 = Release|Any CPU
	EndGlobalSection
	GlobalSection(SolutionProperties) = preSolution
		HideSolutionNode = FALSE
	EndGlobalSection
EndGlobal
